<?xml version="1.0" encoding="UTF-8"?>
<Project ToolsVersion="14.0" xmlns="http://schemas.microsoft.com/developer/msbuild/2003">
  <ItemGroup>
    <ClCompile Include="D:\Libraries\learnstuff\learn_parallel\cs344\Problem Sets\Problem Set 5\reference_calc.cpp">
      <Filter>Source Files</Filter>
    </ClCompile>
  </ItemGroup>
  <ItemGroup>
    <ClInclude Include="D:\Libraries\learnstuff\learn_parallel\cs344\Problem Sets\Problem Set 5\reference_calc.h">
      <Filter>Header Files</Filter>
    </ClInclude>
    <ClInclude Include="D:\Libraries\learnstuff\learn_parallel\cs344\Problem Sets\Problem Set 5\timer.h">
      <Filter>Header Files</Filter>
    </ClInclude>
    <ClInclude Include="D:\Libraries\learnstuff\learn_parallel\cs344\Problem Sets\Problem Set 5\utils.h">
      <Filter>Header Files</Filter>
    </ClInclude>
  </ItemGroup>
  <ItemGroup>
    <CustomBuild Include="D:\Libraries\learnstuff\learn_parallel\cs344\Problem Sets\Problem Set 5\main.cu" />
    <CustomBuild Include="D:\Libraries\learnstuff\learn_parallel\cs344\Problem Sets\Problem Set 5\student.cu" />
    <CustomBuild Include="D:\Libraries\learnstuff\learn_parallel\cs344\Problem Sets\Problem Set 5\CMakeLists.txt" />
  </ItemGroup>
  <ItemGroup>
    <Object Include="D:\Libraries\learnstuff\learn_parallel\cs344\Problem Sets\Problem Set 5\CMakeFiles\HW5.dir\$(Configuration)\HW5_generated_main.cu.obj">
      <Filter>Object Files</Filter>
    </Object>
    <Object Include="D:\Libraries\learnstuff\learn_parallel\cs344\Problem Sets\Problem Set 5\CMakeFiles\HW5.dir\$(Configuration)\HW5_generated_student.cu.obj">
      <Filter>Object Files</Filter>
    </Object>
  </ItemGroup>
  <ItemGroup>
    <Filter Include="Source Files">
      <UniqueIdentifier>{46516C46-35ED-39C3-824B-110DBD53EE8D}</UniqueIdentifier>
    </Filter>
    <Filter Include="Header Files">
      <UniqueIdentifier>{454B0A1F-03B2-3E49-99B5-261968F2ADF4}</UniqueIdentifier>
    </Filter>
    <Filter Include="Object Files">
      <UniqueIdentifier>{156B1FC1-B12B-3020-81D2-EDD81C0B271A}</UniqueIdentifier>
    </Filter>
  </ItemGroup>
</Project>
